
Microsoft Visual Studio Solution File, Format Version 12.00
# Visual Studio Version 17
VisualStudioVersion = 17.5.33424.131
MinimumVisualStudioVersion = 10.0.40219.1
Project("{9A19103F-16F7-4668-BE54-9A1E7A4F7556}") = "TaskManager.Command.Models", "TaskManager.Command.Models\TaskManager.Command.Models.csproj", "{955BC5EC-8763-40FB-B3B9-FD016270F0FF}"
EndProject
Project("{9A19103F-16F7-4668-BE54-9A1E7A4F7556}") = "TaskManager.Client.WPF", "TaskManager.Client.WPF\TaskManager.Client.WPF.csproj", "{226F3FF2-378E-4FAE-9662-F26D3145A3AA}"
	ProjectSection(ProjectDependencies) = postProject
		{8A0E6A92-54B8-4E28-9A12-CDB57402DF67} = {8A0E6A92-54B8-4E28-9A12-CDB57402DF67}
	EndProjectSection
EndProject
Project("{9A19103F-16F7-4668-BE54-9A1E7A4F7556}") = "TaskManager.Api", "TaskManager.Api\TaskManager.Api.csproj", "{4E552285-8ABD-4407-A6E7-66161AD209A5}"
EndProject
Project("{9A19103F-16F7-4668-BE54-9A1E7A4F7556}") = "TaskManager.ClientSDK", "TaskManager.ClientSDK\TaskManager.ClientSDK.csproj", "{8A0E6A92-54B8-4E28-9A12-CDB57402DF67}"
EndProject
Project("{9A19103F-16F7-4668-BE54-9A1E7A4F7556}") = "TaskManager.Client.Console", "TaskManager.Client.Console\TaskManager.Client.Console.csproj", "{E19CBE5D-BA0A-41E2-AA10-1B17AF5FBF81}"
EndProject
Project("{9A19103F-16F7-4668-BE54-9A1E7A4F7556}") = "TaskManager.Api.Test", "TaskManager.Api.Test\TaskManager.Api.Test.csproj", "{D0A9B21A-8221-464F-8DA6-ED55C26706CC}"
EndProject
Project("{E53339B2-1760-4266-BCC7-CA923CBCF16C}") = "docker-compose", "docker-compose.dcproj", "{2A850F74-0B2A-464C-BBB6-CC8E3EDBB3EF}"
EndProject
Project("{2150E333-8FDC-42A3-9474-1A3956D46DE8}") = "Client", "Client", "{E04EF4F3-A591-4D29-A6CE-55AEA31F31C4}"
EndProject
Project("{9A19103F-16F7-4668-BE54-9A1E7A4F7556}") = "TaskManager.Client.WinUi", "Client\TaskManager.Client.WinUi\TaskManager.Client.WinUi.csproj", "{46BA2D83-FCC6-4BB2-9B4A-D652756E8442}"
EndProject
Project("{9A19103F-16F7-4668-BE54-9A1E7A4F7556}") = "TaskManager.Client.WinUi.Core", "Client\TaskManager.Client.WinUi.Core\TaskManager.Client.WinUi.Core.csproj", "{CC570D87-DE95-460D-BEAE-42E48D5FD900}"
EndProject
Project("{9A19103F-16F7-4668-BE54-9A1E7A4F7556}") = "TaskManager.Client.WinUi.Tests.MSTest", "Client\TaskManager.Client.WinUi.Tests.MSTest\TaskManager.Client.WinUi.Tests.MSTest.csproj", "{40AB52B0-CB10-4CC0-BD35-15A13D47A3F9}"
EndProject
Project("{2150E333-8FDC-42A3-9474-1A3956D46DE8}") = "WinUi", "WinUi", "{387CA746-7CEB-4B89-A355-CB2DD7C3E842}"
EndProject
Project("{2150E333-8FDC-42A3-9474-1A3956D46DE8}") = "Api", "Api", "{4CFA2AB4-8DE3-41E8-800E-09AE2D678783}"
EndProject
Project("{9A19103F-16F7-4668-BE54-9A1E7A4F7556}") = "TaskManager.ClientSDK.Generator", "Client\TaskManager.ClientSDK.Generator\TaskManager.ClientSDK.Generator.csproj", "{F9208B8C-4349-427C-BF29-F8A123BB3D11}"
EndProject
Project("{FAE04EC0-301F-11D3-BF4B-00C04F79EFBC}") = "TaskManager.Api", "Api\TaskManager.Api\TaskManager.Api.csproj", "{D3EF1E33-9719-4EAB-93F0-E9443BA73E37}"
EndProject
Global
	GlobalSection(SolutionConfigurationPlatforms) = preSolution
		Debug|Any CPU = Debug|Any CPU
		Debug|ARM64 = Debug|ARM64
		Debug|x64 = Debug|x64
		Debug|x86 = Debug|x86
		Release|Any CPU = Release|Any CPU
		Release|ARM64 = Release|ARM64
		Release|x64 = Release|x64
		Release|x86 = Release|x86
	EndGlobalSection
	GlobalSection(ProjectConfigurationPlatforms) = postSolution
		{955BC5EC-8763-40FB-B3B9-FD016270F0FF}.Debug|Any CPU.ActiveCfg = Debug|Any CPU
		{955BC5EC-8763-40FB-B3B9-FD016270F0FF}.Debug|Any CPU.Build.0 = Debug|Any CPU
		{955BC5EC-8763-40FB-B3B9-FD016270F0FF}.Debug|ARM64.ActiveCfg = Debug|Any CPU
		{955BC5EC-8763-40FB-B3B9-FD016270F0FF}.Debug|ARM64.Build.0 = Debug|Any CPU
		{955BC5EC-8763-40FB-B3B9-FD016270F0FF}.Debug|x64.ActiveCfg = Debug|Any CPU
		{955BC5EC-8763-40FB-B3B9-FD016270F0FF}.Debug|x64.Build.0 = Debug|Any CPU
		{955BC5EC-8763-40FB-B3B9-FD016270F0FF}.Debug|x86.ActiveCfg = Debug|Any CPU
		{955BC5EC-8763-40FB-B3B9-FD016270F0FF}.Debug|x86.Build.0 = Debug|Any CPU
		{955BC5EC-8763-40FB-B3B9-FD016270F0FF}.Release|Any CPU.ActiveCfg = Release|Any CPU
		{955BC5EC-8763-40FB-B3B9-FD016270F0FF}.Release|Any CPU.Build.0 = Release|Any CPU
		{955BC5EC-8763-40FB-B3B9-FD016270F0FF}.Release|ARM64.ActiveCfg = Release|Any CPU
		{955BC5EC-8763-40FB-B3B9-FD016270F0FF}.Release|ARM64.Build.0 = Release|Any CPU
		{955BC5EC-8763-40FB-B3B9-FD016270F0FF}.Release|x64.ActiveCfg = Release|Any CPU
		{955BC5EC-8763-40FB-B3B9-FD016270F0FF}.Release|x64.Build.0 = Release|Any CPU
		{955BC5EC-8763-40FB-B3B9-FD016270F0FF}.Release|x86.ActiveCfg = Release|Any CPU
		{955BC5EC-8763-40FB-B3B9-FD016270F0FF}.Release|x86.Build.0 = Release|Any CPU
		{226F3FF2-378E-4FAE-9662-F26D3145A3AA}.Debug|Any CPU.ActiveCfg = Debug|Any CPU
		{226F3FF2-378E-4FAE-9662-F26D3145A3AA}.Debug|Any CPU.Build.0 = Debug|Any CPU
		{226F3FF2-378E-4FAE-9662-F26D3145A3AA}.Debug|ARM64.ActiveCfg = Debug|Any CPU
		{226F3FF2-378E-4FAE-9662-F26D3145A3AA}.Debug|ARM64.Build.0 = Debug|Any CPU
		{226F3FF2-378E-4FAE-9662-F26D3145A3AA}.Debug|x64.ActiveCfg = Debug|Any CPU
		{226F3FF2-378E-4FAE-9662-F26D3145A3AA}.Debug|x64.Build.0 = Debug|Any CPU
		{226F3FF2-378E-4FAE-9662-F26D3145A3AA}.Debug|x86.ActiveCfg = Debug|Any CPU
		{226F3FF2-378E-4FAE-9662-F26D3145A3AA}.Debug|x86.Build.0 = Debug|Any CPU
		{226F3FF2-378E-4FAE-9662-F26D3145A3AA}.Release|Any CPU.ActiveCfg = Release|Any CPU
		{226F3FF2-378E-4FAE-9662-F26D3145A3AA}.Release|Any CPU.Build.0 = Release|Any CPU
		{226F3FF2-378E-4FAE-9662-F26D3145A3AA}.Release|ARM64.ActiveCfg = Release|Any CPU
		{226F3FF2-378E-4FAE-9662-F26D3145A3AA}.Release|ARM64.Build.0 = Release|Any CPU
		{226F3FF2-378E-4FAE-9662-F26D3145A3AA}.Release|x64.ActiveCfg = Release|Any CPU
		{226F3FF2-378E-4FAE-9662-F26D3145A3AA}.Release|x64.Build.0 = Release|Any CPU
		{226F3FF2-378E-4FAE-9662-F26D3145A3AA}.Release|x86.ActiveCfg = Release|Any CPU
		{226F3FF2-378E-4FAE-9662-F26D3145A3AA}.Release|x86.Build.0 = Release|Any CPU
		{4E552285-8ABD-4407-A6E7-66161AD209A5}.Debug|Any CPU.ActiveCfg = Debug|Any CPU
		{4E552285-8ABD-4407-A6E7-66161AD209A5}.Debug|Any CPU.Build.0 = Debug|Any CPU
		{4E552285-8ABD-4407-A6E7-66161AD209A5}.Debug|ARM64.ActiveCfg = Debug|Any CPU
		{4E552285-8ABD-4407-A6E7-66161AD209A5}.Debug|ARM64.Build.0 = Debug|Any CPU
		{4E552285-8ABD-4407-A6E7-66161AD209A5}.Debug|x64.ActiveCfg = Debug|Any CPU
		{4E552285-8ABD-4407-A6E7-66161AD209A5}.Debug|x64.Build.0 = Debug|Any CPU
		{4E552285-8ABD-4407-A6E7-66161AD209A5}.Debug|x86.ActiveCfg = Debug|Any CPU
		{4E552285-8ABD-4407-A6E7-66161AD209A5}.Debug|x86.Build.0 = Debug|Any CPU
		{4E552285-8ABD-4407-A6E7-66161AD209A5}.Release|Any CPU.ActiveCfg = Release|Any CPU
		{4E552285-8ABD-4407-A6E7-66161AD209A5}.Release|Any CPU.Build.0 = Release|Any CPU
		{4E552285-8ABD-4407-A6E7-66161AD209A5}.Release|ARM64.ActiveCfg = Release|Any CPU
		{4E552285-8ABD-4407-A6E7-66161AD209A5}.Release|ARM64.Build.0 = Release|Any CPU
		{4E552285-8ABD-4407-A6E7-66161AD209A5}.Release|x64.ActiveCfg = Release|Any CPU
		{4E552285-8ABD-4407-A6E7-66161AD209A5}.Release|x64.Build.0 = Release|Any CPU
		{4E552285-8ABD-4407-A6E7-66161AD209A5}.Release|x86.ActiveCfg = Release|Any CPU
		{4E552285-8ABD-4407-A6E7-66161AD209A5}.Release|x86.Build.0 = Release|Any CPU
		{8A0E6A92-54B8-4E28-9A12-CDB57402DF67}.Debug|Any CPU.ActiveCfg = Debug|Any CPU
		{8A0E6A92-54B8-4E28-9A12-CDB57402DF67}.Debug|Any CPU.Build.0 = Debug|Any CPU
		{8A0E6A92-54B8-4E28-9A12-CDB57402DF67}.Debug|ARM64.ActiveCfg = Debug|Any CPU
		{8A0E6A92-54B8-4E28-9A12-CDB57402DF67}.Debug|ARM64.Build.0 = Debug|Any CPU
		{8A0E6A92-54B8-4E28-9A12-CDB57402DF67}.Debug|x64.ActiveCfg = Debug|Any CPU
		{8A0E6A92-54B8-4E28-9A12-CDB57402DF67}.Debug|x64.Build.0 = Debug|Any CPU
		{8A0E6A92-54B8-4E28-9A12-CDB57402DF67}.Debug|x86.ActiveCfg = Debug|Any CPU
		{8A0E6A92-54B8-4E28-9A12-CDB57402DF67}.Debug|x86.Build.0 = Debug|Any CPU
		{8A0E6A92-54B8-4E28-9A12-CDB57402DF67}.Release|Any CPU.ActiveCfg = Release|Any CPU
		{8A0E6A92-54B8-4E28-9A12-CDB57402DF67}.Release|Any CPU.Build.0 = Release|Any CPU
		{8A0E6A92-54B8-4E28-9A12-CDB57402DF67}.Release|ARM64.ActiveCfg = Release|Any CPU
		{8A0E6A92-54B8-4E28-9A12-CDB57402DF67}.Release|ARM64.Build.0 = Release|Any CPU
		{8A0E6A92-54B8-4E28-9A12-CDB57402DF67}.Release|x64.ActiveCfg = Release|Any CPU
		{8A0E6A92-54B8-4E28-9A12-CDB57402DF67}.Release|x64.Build.0 = Release|Any CPU
		{8A0E6A92-54B8-4E28-9A12-CDB57402DF67}.Release|x86.ActiveCfg = Release|Any CPU
		{8A0E6A92-54B8-4E28-9A12-CDB57402DF67}.Release|x86.Build.0 = Release|Any CPU
		{E19CBE5D-BA0A-41E2-AA10-1B17AF5FBF81}.Debug|Any CPU.ActiveCfg = Debug|Any CPU
		{E19CBE5D-BA0A-41E2-AA10-1B17AF5FBF81}.Debug|Any CPU.Build.0 = Debug|Any CPU
		{E19CBE5D-BA0A-41E2-AA10-1B17AF5FBF81}.Debug|ARM64.ActiveCfg = Debug|Any CPU
		{E19CBE5D-BA0A-41E2-AA10-1B17AF5FBF81}.Debug|ARM64.Build.0 = Debug|Any CPU
		{E19CBE5D-BA0A-41E2-AA10-1B17AF5FBF81}.Debug|x64.ActiveCfg = Debug|Any CPU
		{E19CBE5D-BA0A-41E2-AA10-1B17AF5FBF81}.Debug|x64.Build.0 = Debug|Any CPU
		{E19CBE5D-BA0A-41E2-AA10-1B17AF5FBF81}.Debug|x86.ActiveCfg = Debug|Any CPU
		{E19CBE5D-BA0A-41E2-AA10-1B17AF5FBF81}.Debug|x86.Build.0 = Debug|Any CPU
		{E19CBE5D-BA0A-41E2-AA10-1B17AF5FBF81}.Release|Any CPU.ActiveCfg = Release|Any CPU
		{E19CBE5D-BA0A-41E2-AA10-1B17AF5FBF81}.Release|Any CPU.Build.0 = Release|Any CPU
		{E19CBE5D-BA0A-41E2-AA10-1B17AF5FBF81}.Release|ARM64.ActiveCfg = Release|Any CPU
		{E19CBE5D-BA0A-41E2-AA10-1B17AF5FBF81}.Release|ARM64.Build.0 = Release|Any CPU
		{E19CBE5D-BA0A-41E2-AA10-1B17AF5FBF81}.Release|x64.ActiveCfg = Release|Any CPU
		{E19CBE5D-BA0A-41E2-AA10-1B17AF5FBF81}.Release|x64.Build.0 = Release|Any CPU
		{E19CBE5D-BA0A-41E2-AA10-1B17AF5FBF81}.Release|x86.ActiveCfg = Release|Any CPU
		{E19CBE5D-BA0A-41E2-AA10-1B17AF5FBF81}.Release|x86.Build.0 = Release|Any CPU
		{D0A9B21A-8221-464F-8DA6-ED55C26706CC}.Debug|Any CPU.ActiveCfg = Debug|Any CPU
		{D0A9B21A-8221-464F-8DA6-ED55C26706CC}.Debug|Any CPU.Build.0 = Debug|Any CPU
		{D0A9B21A-8221-464F-8DA6-ED55C26706CC}.Debug|ARM64.ActiveCfg = Debug|Any CPU
		{D0A9B21A-8221-464F-8DA6-ED55C26706CC}.Debug|ARM64.Build.0 = Debug|Any CPU
		{D0A9B21A-8221-464F-8DA6-ED55C26706CC}.Debug|x64.ActiveCfg = Debug|Any CPU
		{D0A9B21A-8221-464F-8DA6-ED55C26706CC}.Debug|x64.Build.0 = Debug|Any CPU
		{D0A9B21A-8221-464F-8DA6-ED55C26706CC}.Debug|x86.ActiveCfg = Debug|Any CPU
		{D0A9B21A-8221-464F-8DA6-ED55C26706CC}.Debug|x86.Build.0 = Debug|Any CPU
		{D0A9B21A-8221-464F-8DA6-ED55C26706CC}.Release|Any CPU.ActiveCfg = Release|Any CPU
		{D0A9B21A-8221-464F-8DA6-ED55C26706CC}.Release|Any CPU.Build.0 = Release|Any CPU
		{D0A9B21A-8221-464F-8DA6-ED55C26706CC}.Release|ARM64.ActiveCfg = Release|Any CPU
		{D0A9B21A-8221-464F-8DA6-ED55C26706CC}.Release|ARM64.Build.0 = Release|Any CPU
		{D0A9B21A-8221-464F-8DA6-ED55C26706CC}.Release|x64.ActiveCfg = Release|Any CPU
		{D0A9B21A-8221-464F-8DA6-ED55C26706CC}.Release|x64.Build.0 = Release|Any CPU
		{D0A9B21A-8221-464F-8DA6-ED55C26706CC}.Release|x86.ActiveCfg = Release|Any CPU
		{D0A9B21A-8221-464F-8DA6-ED55C26706CC}.Release|x86.Build.0 = Release|Any CPU
		{2A850F74-0B2A-464C-BBB6-CC8E3EDBB3EF}.Debug|Any CPU.ActiveCfg = Debug|Any CPU
		{2A850F74-0B2A-464C-BBB6-CC8E3EDBB3EF}.Debug|Any CPU.Build.0 = Debug|Any CPU
		{2A850F74-0B2A-464C-BBB6-CC8E3EDBB3EF}.Debug|ARM64.ActiveCfg = Debug|Any CPU
		{2A850F74-0B2A-464C-BBB6-CC8E3EDBB3EF}.Debug|ARM64.Build.0 = Debug|Any CPU
		{2A850F74-0B2A-464C-BBB6-CC8E3EDBB3EF}.Debug|x64.ActiveCfg = Debug|Any CPU
		{2A850F74-0B2A-464C-BBB6-CC8E3EDBB3EF}.Debug|x64.Build.0 = Debug|Any CPU
		{2A850F74-0B2A-464C-BBB6-CC8E3EDBB3EF}.Debug|x86.ActiveCfg = Debug|Any CPU
		{2A850F74-0B2A-464C-BBB6-CC8E3EDBB3EF}.Debug|x86.Build.0 = Debug|Any CPU
		{2A850F74-0B2A-464C-BBB6-CC8E3EDBB3EF}.Release|Any CPU.ActiveCfg = Release|Any CPU
		{2A850F74-0B2A-464C-BBB6-CC8E3EDBB3EF}.Release|Any CPU.Build.0 = Release|Any CPU
		{2A850F74-0B2A-464C-BBB6-CC8E3EDBB3EF}.Release|ARM64.ActiveCfg = Release|Any CPU
		{2A850F74-0B2A-464C-BBB6-CC8E3EDBB3EF}.Release|ARM64.Build.0 = Release|Any CPU
		{2A850F74-0B2A-464C-BBB6-CC8E3EDBB3EF}.Release|x64.ActiveCfg = Release|Any CPU
		{2A850F74-0B2A-464C-BBB6-CC8E3EDBB3EF}.Release|x64.Build.0 = Release|Any CPU
		{2A850F74-0B2A-464C-BBB6-CC8E3EDBB3EF}.Release|x86.ActiveCfg = Release|Any CPU
		{2A850F74-0B2A-464C-BBB6-CC8E3EDBB3EF}.Release|x86.Build.0 = Release|Any CPU
		{46BA2D83-FCC6-4BB2-9B4A-D652756E8442}.Debug|Any CPU.ActiveCfg = Debug|x64
		{46BA2D83-FCC6-4BB2-9B4A-D652756E8442}.Debug|Any CPU.Build.0 = Debug|x64
		{46BA2D83-FCC6-4BB2-9B4A-D652756E8442}.Debug|Any CPU.Deploy.0 = Debug|x64
		{46BA2D83-FCC6-4BB2-9B4A-D652756E8442}.Debug|ARM64.ActiveCfg = Debug|arm64
		{46BA2D83-FCC6-4BB2-9B4A-D652756E8442}.Debug|ARM64.Build.0 = Debug|arm64
		{46BA2D83-FCC6-4BB2-9B4A-D652756E8442}.Debug|ARM64.Deploy.0 = Debug|arm64
		{46BA2D83-FCC6-4BB2-9B4A-D652756E8442}.Debug|x64.ActiveCfg = Debug|x64
		{46BA2D83-FCC6-4BB2-9B4A-D652756E8442}.Debug|x64.Build.0 = Debug|x64
		{46BA2D83-FCC6-4BB2-9B4A-D652756E8442}.Debug|x64.Deploy.0 = Debug|x64
		{46BA2D83-FCC6-4BB2-9B4A-D652756E8442}.Debug|x86.ActiveCfg = Debug|x86
		{46BA2D83-FCC6-4BB2-9B4A-D652756E8442}.Debug|x86.Build.0 = Debug|x86
		{46BA2D83-FCC6-4BB2-9B4A-D652756E8442}.Debug|x86.Deploy.0 = Debug|x86
		{46BA2D83-FCC6-4BB2-9B4A-D652756E8442}.Release|Any CPU.ActiveCfg = Release|x64
		{46BA2D83-FCC6-4BB2-9B4A-D652756E8442}.Release|Any CPU.Build.0 = Release|x64
		{46BA2D83-FCC6-4BB2-9B4A-D652756E8442}.Release|Any CPU.Deploy.0 = Release|x64
		{46BA2D83-FCC6-4BB2-9B4A-D652756E8442}.Release|ARM64.ActiveCfg = Release|arm64
		{46BA2D83-FCC6-4BB2-9B4A-D652756E8442}.Release|ARM64.Build.0 = Release|arm64
		{46BA2D83-FCC6-4BB2-9B4A-D652756E8442}.Release|ARM64.Deploy.0 = Release|arm64
		{46BA2D83-FCC6-4BB2-9B4A-D652756E8442}.Release|x64.ActiveCfg = Release|x64
		{46BA2D83-FCC6-4BB2-9B4A-D652756E8442}.Release|x64.Build.0 = Release|x64
		{46BA2D83-FCC6-4BB2-9B4A-D652756E8442}.Release|x64.Deploy.0 = Release|x64
		{46BA2D83-FCC6-4BB2-9B4A-D652756E8442}.Release|x86.ActiveCfg = Release|x86
		{46BA2D83-FCC6-4BB2-9B4A-D652756E8442}.Release|x86.Build.0 = Release|x86
		{46BA2D83-FCC6-4BB2-9B4A-D652756E8442}.Release|x86.Deploy.0 = Release|x86
		{CC570D87-DE95-460D-BEAE-42E48D5FD900}.Debug|Any CPU.ActiveCfg = Debug|Any CPU
		{CC570D87-DE95-460D-BEAE-42E48D5FD900}.Debug|Any CPU.Build.0 = Debug|Any CPU
		{CC570D87-DE95-460D-BEAE-42E48D5FD900}.Debug|ARM64.ActiveCfg = Debug|arm64
		{CC570D87-DE95-460D-BEAE-42E48D5FD900}.Debug|ARM64.Build.0 = Debug|arm64
		{CC570D87-DE95-460D-BEAE-42E48D5FD900}.Debug|x64.ActiveCfg = Debug|x64
		{CC570D87-DE95-460D-BEAE-42E48D5FD900}.Debug|x64.Build.0 = Debug|x64
		{CC570D87-DE95-460D-BEAE-42E48D5FD900}.Debug|x86.ActiveCfg = Debug|x86
		{CC570D87-DE95-460D-BEAE-42E48D5FD900}.Debug|x86.Build.0 = Debug|x86
		{CC570D87-DE95-460D-BEAE-42E48D5FD900}.Release|Any CPU.ActiveCfg = Release|Any CPU
		{CC570D87-DE95-460D-BEAE-42E48D5FD900}.Release|Any CPU.Build.0 = Release|Any CPU
		{CC570D87-DE95-460D-BEAE-42E48D5FD900}.Release|ARM64.ActiveCfg = Release|arm64
		{CC570D87-DE95-460D-BEAE-42E48D5FD900}.Release|ARM64.Build.0 = Release|arm64
		{CC570D87-DE95-460D-BEAE-42E48D5FD900}.Release|x64.ActiveCfg = Release|x64
		{CC570D87-DE95-460D-BEAE-42E48D5FD900}.Release|x64.Build.0 = Release|x64
		{CC570D87-DE95-460D-BEAE-42E48D5FD900}.Release|x86.ActiveCfg = Release|x86
		{CC570D87-DE95-460D-BEAE-42E48D5FD900}.Release|x86.Build.0 = Release|x86
		{40AB52B0-CB10-4CC0-BD35-15A13D47A3F9}.Debug|Any CPU.ActiveCfg = Debug|x64
		{40AB52B0-CB10-4CC0-BD35-15A13D47A3F9}.Debug|Any CPU.Build.0 = Debug|x64
		{40AB52B0-CB10-4CC0-BD35-15A13D47A3F9}.Debug|ARM64.ActiveCfg = Debug|arm64
		{40AB52B0-CB10-4CC0-BD35-15A13D47A3F9}.Debug|ARM64.Build.0 = Debug|arm64
		{40AB52B0-CB10-4CC0-BD35-15A13D47A3F9}.Debug|x64.ActiveCfg = Debug|x64
		{40AB52B0-CB10-4CC0-BD35-15A13D47A3F9}.Debug|x64.Build.0 = Debug|x64
		{40AB52B0-CB10-4CC0-BD35-15A13D47A3F9}.Debug|x86.ActiveCfg = Debug|x86
		{40AB52B0-CB10-4CC0-BD35-15A13D47A3F9}.Debug|x86.Build.0 = Debug|x86
		{40AB52B0-CB10-4CC0-BD35-15A13D47A3F9}.Release|Any CPU.ActiveCfg = Release|x64
		{40AB52B0-CB10-4CC0-BD35-15A13D47A3F9}.Release|Any CPU.Build.0 = Release|x64
		{40AB52B0-CB10-4CC0-BD35-15A13D47A3F9}.Release|ARM64.ActiveCfg = Release|arm64
		{40AB52B0-CB10-4CC0-BD35-15A13D47A3F9}.Release|ARM64.Build.0 = Release|arm64
		{40AB52B0-CB10-4CC0-BD35-15A13D47A3F9}.Release|x64.ActiveCfg = Release|x64
		{40AB52B0-CB10-4CC0-BD35-15A13D47A3F9}.Release|x64.Build.0 = Release|x64
		{40AB52B0-CB10-4CC0-BD35-15A13D47A3F9}.Release|x86.ActiveCfg = Release|x86
		{40AB52B0-CB10-4CC0-BD35-15A13D47A3F9}.Release|x86.Build.0 = Release|x86
		{F9208B8C-4349-427C-BF29-F8A123BB3D11}.Debug|Any CPU.ActiveCfg = Debug|Any CPU
		{F9208B8C-4349-427C-BF29-F8A123BB3D11}.Debug|Any CPU.Build.0 = Debug|Any CPU
		{F9208B8C-4349-427C-BF29-F8A123BB3D11}.Debug|ARM64.ActiveCfg = Debug|Any CPU
		{F9208B8C-4349-427C-BF29-F8A123BB3D11}.Debug|ARM64.Build.0 = Debug|Any CPU
		{F9208B8C-4349-427C-BF29-F8A123BB3D11}.Debug|x64.ActiveCfg = Debug|Any CPU
		{F9208B8C-4349-427C-BF29-F8A123BB3D11}.Debug|x64.Build.0 = Debug|Any CPU
		{F9208B8C-4349-427C-BF29-F8A123BB3D11}.Debug|x86.ActiveCfg = Debug|Any CPU
		{F9208B8C-4349-427C-BF29-F8A123BB3D11}.Debug|x86.Build.0 = Debug|Any CPU
		{F9208B8C-4349-427C-BF29-F8A123BB3D11}.Release|Any CPU.ActiveCfg = Release|Any CPU
		{F9208B8C-4349-427C-BF29-F8A123BB3D11}.Release|Any CPU.Build.0 = Release|Any CPU
		{F9208B8C-4349-427C-BF29-F8A123BB3D11}.Release|ARM64.ActiveCfg = Release|Any CPU
		{F9208B8C-4349-427C-BF29-F8A123BB3D11}.Release|ARM64.Build.0 = Release|Any CPU
		{F9208B8C-4349-427C-BF29-F8A123BB3D11}.Release|x64.ActiveCfg = Release|Any CPU
		{F9208B8C-4349-427C-BF29-F8A123BB3D11}.Release|x64.Build.0 = Release|Any CPU
		{F9208B8C-4349-427C-BF29-F8A123BB3D11}.Release|x86.ActiveCfg = Release|Any CPU
		{F9208B8C-4349-427C-BF29-F8A123BB3D11}.Release|x86.Build.0 = Release|Any CPU
		{D3EF1E33-9719-4EAB-93F0-E9443BA73E37}.Debug|Any CPU.ActiveCfg = Debug|Any CPU
		{D3EF1E33-9719-4EAB-93F0-E9443BA73E37}.Debug|Any CPU.Build.0 = Debug|Any CPU
		{D3EF1E33-9719-4EAB-93F0-E9443BA73E37}.Debug|ARM64.ActiveCfg = Debug|Any CPU
		{D3EF1E33-9719-4EAB-93F0-E9443BA73E37}.Debug|ARM64.Build.0 = Debug|Any CPU
		{D3EF1E33-9719-4EAB-93F0-E9443BA73E37}.Debug|x64.ActiveCfg = Debug|Any CPU
		{D3EF1E33-9719-4EAB-93F0-E9443BA73E37}.Debug|x64.Build.0 = Debug|Any CPU
		{D3EF1E33-9719-4EAB-93F0-E9443BA73E37}.Debug|x86.ActiveCfg = Debug|Any CPU
		{D3EF1E33-9719-4EAB-93F0-E9443BA73E37}.Debug|x86.Build.0 = Debug|Any CPU
		{D3EF1E33-9719-4EAB-93F0-E9443BA73E37}.Release|Any CPU.ActiveCfg = Release|Any CPU
		{D3EF1E33-9719-4EAB-93F0-E9443BA73E37}.Release|Any CPU.Build.0 = Release|Any CPU
		{D3EF1E33-9719-4EAB-93F0-E9443BA73E37}.Release|ARM64.ActiveCfg = Release|Any CPU
		{D3EF1E33-9719-4EAB-93F0-E9443BA73E37}.Release|ARM64.Build.0 = Release|Any CPU
		{D3EF1E33-9719-4EAB-93F0-E9443BA73E37}.Release|x64.ActiveCfg = Release|Any CPU
		{D3EF1E33-9719-4EAB-93F0-E9443BA73E37}.Release|x64.Build.0 = Release|Any CPU
		{D3EF1E33-9719-4EAB-93F0-E9443BA73E37}.Release|x86.ActiveCfg = Release|Any CPU
		{D3EF1E33-9719-4EAB-93F0-E9443BA73E37}.Release|x86.Build.0 = Release|Any CPU
	EndGlobalSection
	GlobalSection(SolutionProperties) = preSolution
		HideSolutionNode = FALSE
	EndGlobalSection
	GlobalSection(NestedProjects) = preSolution
		{226F3FF2-378E-4FAE-9662-F26D3145A3AA} = {E04EF4F3-A591-4D29-A6CE-55AEA31F31C4}
		{4E552285-8ABD-4407-A6E7-66161AD209A5} = {4CFA2AB4-8DE3-41E8-800E-09AE2D678783}
		{8A0E6A92-54B8-4E28-9A12-CDB57402DF67} = {E04EF4F3-A591-4D29-A6CE-55AEA31F31C4}
		{E19CBE5D-BA0A-41E2-AA10-1B17AF5FBF81} = {E04EF4F3-A591-4D29-A6CE-55AEA31F31C4}
		{D0A9B21A-8221-464F-8DA6-ED55C26706CC} = {4CFA2AB4-8DE3-41E8-800E-09AE2D678783}
		{46BA2D83-FCC6-4BB2-9B4A-D652756E8442} = {387CA746-7CEB-4B89-A355-CB2DD7C3E842}
		{CC570D87-DE95-460D-BEAE-42E48D5FD900} = {387CA746-7CEB-4B89-A355-CB2DD7C3E842}
		{40AB52B0-CB10-4CC0-BD35-15A13D47A3F9} = {387CA746-7CEB-4B89-A355-CB2DD7C3E842}
		{387CA746-7CEB-4B89-A355-CB2DD7C3E842} = {E04EF4F3-A591-4D29-A6CE-55AEA31F31C4}
		{F9208B8C-4349-427C-BF29-F8A123BB3D11} = {E04EF4F3-A591-4D29-A6CE-55AEA31F31C4}
	EndGlobalSection
	GlobalSection(ExtensibilityGlobals) = postSolution
		SolutionGuid = {8C4945F2-CA61-4131-BDF5-F7EBCC7973F7}
	EndGlobalSection
EndGlobal
